
Microsoft Visual Studio Solution File, Format Version 12.00
# Visual Studio 2013
VisualStudioVersion = 12.0.21005.1
MinimumVisualStudioVersion = 10.0.40219.1
Project("{2150E333-8FDC-42A3-9474-1A3956D46DE8}") = "Chapter01", "Chapter01", "{BE90E488-AC31-423B-977D-35F3DECC2111}"
EndProject
Project("{2150E333-8FDC-42A3-9474-1A3956D46DE8}") = "Chapter02", "Chapter02", "{D70A4948-305B-4B00-80DF-EFD33B349280}"
EndProject
Project("{2150E333-8FDC-42A3-9474-1A3956D46DE8}") = "Chapter03", "Chapter03", "{82246EAD-5DCF-442E-82CE-699A3FD59BDB}"
EndProject
Project("{2150E333-8FDC-42A3-9474-1A3956D46DE8}") = "Chapter04", "Chapter04", "{748D2E74-F45F-4B31-BE9D-DABBD809ABC1}"
EndProject
Project("{2150E333-8FDC-42A3-9474-1A3956D46DE8}") = "Chapter06", "Chapter06", "{2DB9D61F-179A-4894-A688-AF0811BB71DD}"
EndProject
Project("{2150E333-8FDC-42A3-9474-1A3956D46DE8}") = "Chapter05", "Chapter05", "{2AF96713-8E12-4746-B513-85A158A6AAAF}"
EndProject
Project("{2150E333-8FDC-42A3-9474-1A3956D46DE8}") = "Chapter07", "Chapter07", "{67232F3B-60AC-45D8-99E4-D1E4CB6E3858}"
EndProject
Project("{2150E333-8FDC-42A3-9474-1A3956D46DE8}") = "Chapter08", "Chapter08", "{EE0D600A-39C5-47F7-99CD-1BF207E9F60F}"
EndProject
Project("{2150E333-8FDC-42A3-9474-1A3956D46DE8}") = "Chapter09", "Chapter09", "{60B9CC39-FBB6-4346-85A4-CF048ED485CE}"
EndProject
Project("{2150E333-8FDC-42A3-9474-1A3956D46DE8}") = "Chapter10", "Chapter10", "{8BBDCC5F-724B-40E5-94ED-46A09183087F}"
EndProject
Project("{2150E333-8FDC-42A3-9474-1A3956D46DE8}") = "Chapter11", "Chapter11", "{999155B5-620B-4BFA-A1EA-64DDF1CAC2F6}"
EndProject
Project("{2150E333-8FDC-42A3-9474-1A3956D46DE8}") = "Chapter12", "Chapter12", "{435827DF-EA24-4A21-9A3E-6C7E7B750236}"
EndProject
Project("{2150E333-8FDC-42A3-9474-1A3956D46DE8}") = "Chapter13", "Chapter13", "{2EFA94E6-B180-4491-A913-0660FAC774C8}"
EndProject
Project("{2150E333-8FDC-42A3-9474-1A3956D46DE8}") = "Chapter14", "Chapter14", "{8FB94410-0A18-4896-B470-7F1142EDB2A8}"
EndProject
Project("{2150E333-8FDC-42A3-9474-1A3956D46DE8}") = "Chapter15", "Chapter15", "{3C443E80-6751-4568-8C7B-5BE83BD5AC21}"
EndProject
Project("{2150E333-8FDC-42A3-9474-1A3956D46DE8}") = "Chapter16", "Chapter16", "{868D2059-3A78-4E33-878D-5AC7BF500994}"
EndProject
Project("{2150E333-8FDC-42A3-9474-1A3956D46DE8}") = "Chapter17", "Chapter17", "{7B18636B-153A-471D-A563-96402B55B091}"
EndProject
Project("{2150E333-8FDC-42A3-9474-1A3956D46DE8}") = "Chapter18", "Chapter18", "{CC0B885E-3F29-47EC-A335-E0098DEADA3B}"
EndProject
Project("{2150E333-8FDC-42A3-9474-1A3956D46DE8}") = "Chapter19", "Chapter19", "{45455768-4F46-414A-9BB5-7EE874113653}"
EndProject
Project("{8BC9CEB8-8B4A-11D0-8D11-00A0C91BC942}") = "ch01-01-Window", "src\ch01-01-Window\ch01-01-Window.vcxproj", "{FBF11FF4-375E-43BC-B19E-12F0BA87A53B}"
EndProject
Project("{8BC9CEB8-8B4A-11D0-8D11-00A0C91BC942}") = "ch03-01-Triangle", "src\ch03-01-Triangle\ch03-01-Triangle.vcxproj", "{F11D7EFB-CAD7-4384-944B-63DF30D2AD67}"
EndProject
Project("{8BC9CEB8-8B4A-11D0-8D11-00A0C91BC942}") = "ch03-02-Cube", "src\ch03-02-Cube\ch03-02-Cube.vcxproj", "{ED32F851-AAAB-4B2C-8728-9FD6A052E18C}"
EndProject
Project("{8BC9CEB8-8B4A-11D0-8D11-00A0C91BC942}") = "ch03-03-D3DXCreate", "src\ch03-03-D3DXCreate\ch03-03-D3DXCreate.vcxproj", "{EC0F8B12-03EF-4DB4-BF33-2A11357E69FC}"
EndProject
Project("{8BC9CEB8-8B4A-11D0-8D11-00A0C91BC942}") = "ch03-04-Teapot", "src\ch03-04-Teapot\ch03-04-Teapot.vcxproj", "{9177172F-2282-4294-B421-76D5C36C59FA}"
EndProject
Project("{8BC9CEB8-8B4A-11D0-8D11-00A0C91BC942}") = "ch04-01-Color", "src\ch04-01-Color\ch04-01-Color.vcxproj", "{1E6E1081-8F9F-4D97-A7DE-28D6B28BA6DF}"
EndProject
Project("{8BC9CEB8-8B4A-11D0-8D11-00A0C91BC942}") = "ch05-01-Pyramid", "src\ch05-01-Pyramid\ch05-01-Pyramid.vcxproj", "{34C4CC7A-2DE3-4731-AF4C-2FEC88F09428}"
EndProject
Project("{8BC9CEB8-8B4A-11D0-8D11-00A0C91BC942}") = "ch05-02-Directional-Light", "src\ch05-02-Directional-Light\ch05-02-Directional-Light.vcxproj", "{C71B1187-32DC-4F01-A9D4-363602794FB0}"
EndProject
Project("{8BC9CEB8-8B4A-11D0-8D11-00A0C91BC942}") = "ch05-03-Point-Light", "src\ch05-03-Point-Light\ch05-03-Point-Light.vcxproj", "{1A7A2C5A-C35B-41F8-B973-1E45E46C4228}"
EndProject
Project("{8BC9CEB8-8B4A-11D0-8D11-00A0C91BC942}") = "ch05-04-Spot-Light", "src\ch05-04-Spot-Light\ch05-04-Spot-Light.vcxproj", "{228843F0-8EDE-4D86-B287-189ECC53E274}"
EndProject
Project("{8BC9CEB8-8B4A-11D0-8D11-00A0C91BC942}") = "ch06-01-Texture-Quad", "src\ch06-01-Texture-Quad\ch06-01-Texture-Quad.vcxproj", "{0AE05220-9A82-4E0E-9B03-98080685CFA2}"
EndProject
Project("{8BC9CEB8-8B4A-11D0-8D11-00A0C91BC942}") = "ch06-02-Texture-Wrap", "src\ch06-02-Texture-Wrap\ch06-02-Texture-Wrap.vcxproj", "{9A2226C2-864F-471A-96A8-6CBE6ACD357B}"
EndProject
Project("{8BC9CEB8-8B4A-11D0-8D11-00A0C91BC942}") = "ch06-03-Texture-Cube", "src\ch06-03-Texture-Cube\ch06-03-Texture-Cube.vcxproj", "{3117FCE7-CD14-43C4-8817-A9CC7C69F3E1}"
EndProject
Project("{8BC9CEB8-8B4A-11D0-8D11-00A0C91BC942}") = "ch07-01-Texture-Alpha", "src\ch07-01-Texture-Alpha\ch07-01-Texture-Alpha.vcxproj", "{14489F9C-CE74-4B1C-9705-D02686300DAB}"
EndProject
Project("{8BC9CEB8-8B4A-11D0-8D11-00A0C91BC942}") = "ch07-02-Alpha-Mtrl", "src\ch07-02-Alpha-Mtrl\ch07-02-Alpha-Mtrl.vcxproj", "{57F666AA-6199-433F-944A-D9505C0E9C19}"
EndProject
Project("{8BC9CEB8-8B4A-11D0-8D11-00A0C91BC942}") = "ch08-01-Stencil-Mirror", "src\ch08-01-Stencil-Mirror\ch08-01-Stencil-Mirror.vcxproj", "{99654526-642E-4051-A869-FCA0D99BE3BB}"
EndProject
Project("{8BC9CEB8-8B4A-11D0-8D11-00A0C91BC942}") = "ch08-02-Stencil-Shadow", "src\ch08-02-Stencil-Shadow\ch08-02-Stencil-Shadow.vcxproj", "{09FF567F-7330-466F-B062-88692AA04E53}"
EndProject
Project("{8BC9CEB8-8B4A-11D0-8D11-00A0C91BC942}") = "ch08-03-Stencil-Shadow-Mirror", "src\ch08-03-Stencil-Shadow-Mirror\ch08-03-Stencil-Shadow-Mirror.vcxproj", "{C0564FF8-3CE4-43CB-928A-0E6FA6124700}"
EndProject
Project("{8BC9CEB8-8B4A-11D0-8D11-00A0C91BC942}") = "ch09-01-D3DX-Create-Text", "src\ch09-01-D3DX-Create-Text\ch09-01-D3DX-Create-Text.vcxproj", "{6A3ADCD9-F014-4BEE-B406-FC922D20C61F}"
EndProject
Project("{8BC9CEB8-8B4A-11D0-8D11-00A0C91BC942}") = "ch09-02-ID3DX-Font", "src\ch09-02-ID3DX-Font\ch09-02-ID3DX-Font.vcxproj", "{D303277B-358B-4638-A039-27A56120C18F}"
EndProject
Project("{8BC9CEB8-8B4A-11D0-8D11-00A0C91BC942}") = "ch09-03-CFont", "src\ch09-03-CFont\ch09-03-CFont.vcxproj", "{3F3C9B3E-AFE4-4FFD-BD9E-EC2CC299F86A}"
EndProject
Project("{8BC9CEB8-8B4A-11D0-8D11-00A0C91BC942}") = "ch10-01-D3DX-CreateMesh-FVF", "src\ch10-01-D3DX-CreateMesh-FVF\ch10-01-D3DX-CreateMesh-FVF.vcxproj", "{911AF96E-7227-4849-A0D3-56E3CED6529E}"
EndProject
Project("{8BC9CEB8-8B4A-11D0-8D11-00A0C91BC942}") = "ch11-01-XFile", "src\ch11-01-XFile\ch11-01-XFile.vcxproj", "{6A503622-0E01-4F7F-97B2-84C99F678CAA}"
EndProject
Project("{8BC9CEB8-8B4A-11D0-8D11-00A0C91BC942}") = "ch11-02-Progressive-Mesh", "src\ch11-02-Progressive-Mesh\ch11-02-Progressive-Mesh.vcxproj", "{102FE46A-5D80-462D-B955-97501A56A360}"
EndProject
Project("{8BC9CEB8-8B4A-11D0-8D11-00A0C91BC942}") = "ch11-03-Bounding-Volume", "src\ch11-03-Bounding-Volume\ch11-03-Bounding-Volume.vcxproj", "{789A624D-5586-43F1-A08D-CD25F63553FD}"
EndProject
Project("{8BC9CEB8-8B4A-11D0-8D11-00A0C91BC942}") = "ch12-01-Camera", "src\ch12-01-Camera\ch12-01-Camera.vcxproj", "{476F2291-6130-425C-89D5-E91190594FE0}"
EndProject
Project("{8BC9CEB8-8B4A-11D0-8D11-00A0C91BC942}") = "ch12-02-Terrian", "src\ch12-02-Terrian\ch12-02-Terrian.vcxproj", "{84DE9010-B3E2-4ADC-9E0B-880AAED9CE6F}"
EndProject
Project("{8BC9CEB8-8B4A-11D0-8D11-00A0C91BC942}") = "ch14-01-Layer-System", "src\ch14-01-Layer-System\ch14-01-Layer-System.vcxproj", "{431BF18D-FEF5-4CC6-8510-F431DDB224D4}"
EndProject
Project("{8BC9CEB8-8B4A-11D0-8D11-00A0C91BC942}") = "ch14-02-Snow-System", "src\ch14-02-Snow-System\ch14-02-Snow-System.vcxproj", "{FD6E0DDA-7F86-492C-A20C-259803127D6F}"
EndProject
Project("{8BC9CEB8-8B4A-11D0-8D11-00A0C91BC942}") = "ch14-03-Firework-System", "src\ch14-03-Firework-System\ch14-03-Firework-System.vcxproj", "{9CC8D036-3C56-439C-93ED-D3C3F249BA43}"
EndProject
Project("{8BC9CEB8-8B4A-11D0-8D11-00A0C91BC942}") = "ch15-01-Picking", "src\ch15-01-Picking\ch15-01-Picking.vcxproj", "{C7956900-3BC6-4A3A-BFAD-734858E05A85}"
EndProject
Project("{8BC9CEB8-8B4A-11D0-8D11-00A0C91BC942}") = "ch16-01-Transform", "src\ch16-01-Transform\ch16-01-Transform.vcxproj", "{A63F5681-A19F-4824-98CE-38AAEF7030B9}"
EndProject
Project("{8BC9CEB8-8B4A-11D0-8D11-00A0C91BC942}") = "ch17-01-VS-Diffuse", "src\ch17-01-VS-Diffuse\ch17-01-VS-Diffuse.vcxproj", "{C5FB603C-7417-480B-B15D-1ED50C3A9678}"
EndProject
Project("{8BC9CEB8-8B4A-11D0-8D11-00A0C91BC942}") = "ch17-02-VS-Toon", "src\ch17-02-VS-Toon\ch17-02-VS-Toon.vcxproj", "{650EDE59-8929-4278-91A7-76AF7CA57CDD}"
EndProject
Project("{8BC9CEB8-8B4A-11D0-8D11-00A0C91BC942}") = "ch17-03-VS-Toon-Outline", "src\ch17-03-VS-Toon-Outline\ch17-03-VS-Toon-Outline.vcxproj", "{2124BFF2-92A6-47AE-98D2-D2DAF76D1D31}"
EndProject
Project("{8BC9CEB8-8B4A-11D0-8D11-00A0C91BC942}") = "ch18-01-PS-Multi-Texture", "src\ch18-01-PS-Multi-Texture\ch18-01-PS-Multi-Texture.vcxproj", "{3BF4E1C5-7139-412C-AAC4-75FF877B1502}"
EndProject
Project("{8BC9CEB8-8B4A-11D0-8D11-00A0C91BC942}") = "ch19-01-Light-Texture", "src\ch19-01-Light-Texture\ch19-01-Light-Texture.vcxproj", "{AB163717-BB60-4249-BA4E-5AF03A8E9306}"
EndProject
Project("{8BC9CEB8-8B4A-11D0-8D11-00A0C91BC942}") = "ch19-02-Fog", "src\ch19-02-Fog\ch19-02-Fog.vcxproj", "{4F061977-84F9-467A-82CF-5843F1D32250}"
EndProject
Project("{8BC9CEB8-8B4A-11D0-8D11-00A0C91BC942}") = "ch19-03-Cartoon", "src\ch19-03-Cartoon\ch19-03-Cartoon.vcxproj", "{8AE99324-DCA3-4AEE-B788-7EBC612928D8}"
EndProject
Global
	GlobalSection(SolutionConfigurationPlatforms) = preSolution
		Debug|Win32 = Debug|Win32
		Release|Win32 = Release|Win32
	EndGlobalSection
	GlobalSection(ProjectConfigurationPlatforms) = postSolution
		{FBF11FF4-375E-43BC-B19E-12F0BA87A53B}.Debug|Win32.ActiveCfg = Debug|Win32
		{FBF11FF4-375E-43BC-B19E-12F0BA87A53B}.Debug|Win32.Build.0 = Debug|Win32
		{FBF11FF4-375E-43BC-B19E-12F0BA87A53B}.Release|Win32.ActiveCfg = Release|Win32
		{FBF11FF4-375E-43BC-B19E-12F0BA87A53B}.Release|Win32.Build.0 = Release|Win32
		{F11D7EFB-CAD7-4384-944B-63DF30D2AD67}.Debug|Win32.ActiveCfg = Debug|Win32
		{F11D7EFB-CAD7-4384-944B-63DF30D2AD67}.Debug|Win32.Build.0 = Debug|Win32
		{F11D7EFB-CAD7-4384-944B-63DF30D2AD67}.Release|Win32.ActiveCfg = Release|Win32
		{F11D7EFB-CAD7-4384-944B-63DF30D2AD67}.Release|Win32.Build.0 = Release|Win32
		{ED32F851-AAAB-4B2C-8728-9FD6A052E18C}.Debug|Win32.ActiveCfg = Debug|Win32
		{ED32F851-AAAB-4B2C-8728-9FD6A052E18C}.Debug|Win32.Build.0 = Debug|Win32
		{ED32F851-AAAB-4B2C-8728-9FD6A052E18C}.Release|Win32.ActiveCfg = Release|Win32
		{ED32F851-AAAB-4B2C-8728-9FD6A052E18C}.Release|Win32.Build.0 = Release|Win32
		{EC0F8B12-03EF-4DB4-BF33-2A11357E69FC}.Debug|Win32.ActiveCfg = Debug|Win32
		{EC0F8B12-03EF-4DB4-BF33-2A11357E69FC}.Debug|Win32.Build.0 = Debug|Win32
		{EC0F8B12-03EF-4DB4-BF33-2A11357E69FC}.Release|Win32.ActiveCfg = Release|Win32
		{EC0F8B12-03EF-4DB4-BF33-2A11357E69FC}.Release|Win32.Build.0 = Release|Win32
		{9177172F-2282-4294-B421-76D5C36C59FA}.Debug|Win32.ActiveCfg = Debug|Win32
		{9177172F-2282-4294-B421-76D5C36C59FA}.Debug|Win32.Build.0 = Debug|Win32
		{9177172F-2282-4294-B421-76D5C36C59FA}.Release|Win32.ActiveCfg = Release|Win32
		{9177172F-2282-4294-B421-76D5C36C59FA}.Release|Win32.Build.0 = Release|Win32
		{1E6E1081-8F9F-4D97-A7DE-28D6B28BA6DF}.Debug|Win32.ActiveCfg = Debug|Win32
		{1E6E1081-8F9F-4D97-A7DE-28D6B28BA6DF}.Debug|Win32.Build.0 = Debug|Win32
		{1E6E1081-8F9F-4D97-A7DE-28D6B28BA6DF}.Release|Win32.ActiveCfg = Release|Win32
		{1E6E1081-8F9F-4D97-A7DE-28D6B28BA6DF}.Release|Win32.Build.0 = Release|Win32
		{34C4CC7A-2DE3-4731-AF4C-2FEC88F09428}.Debug|Win32.ActiveCfg = Debug|Win32
		{34C4CC7A-2DE3-4731-AF4C-2FEC88F09428}.Debug|Win32.Build.0 = Debug|Win32
		{34C4CC7A-2DE3-4731-AF4C-2FEC88F09428}.Release|Win32.ActiveCfg = Release|Win32
		{34C4CC7A-2DE3-4731-AF4C-2FEC88F09428}.Release|Win32.Build.0 = Release|Win32
		{C71B1187-32DC-4F01-A9D4-363602794FB0}.Debug|Win32.ActiveCfg = Debug|Win32
		{C71B1187-32DC-4F01-A9D4-363602794FB0}.Debug|Win32.Build.0 = Debug|Win32
		{C71B1187-32DC-4F01-A9D4-363602794FB0}.Release|Win32.ActiveCfg = Release|Win32
		{C71B1187-32DC-4F01-A9D4-363602794FB0}.Release|Win32.Build.0 = Release|Win32
		{1A7A2C5A-C35B-41F8-B973-1E45E46C4228}.Debug|Win32.ActiveCfg = Debug|Win32
		{1A7A2C5A-C35B-41F8-B973-1E45E46C4228}.Debug|Win32.Build.0 = Debug|Win32
		{1A7A2C5A-C35B-41F8-B973-1E45E46C4228}.Release|Win32.ActiveCfg = Release|Win32
		{1A7A2C5A-C35B-41F8-B973-1E45E46C4228}.Release|Win32.Build.0 = Release|Win32
		{228843F0-8EDE-4D86-B287-189ECC53E274}.Debug|Win32.ActiveCfg = Debug|Win32
		{228843F0-8EDE-4D86-B287-189ECC53E274}.Debug|Win32.Build.0 = Debug|Win32
		{228843F0-8EDE-4D86-B287-189ECC53E274}.Release|Win32.ActiveCfg = Release|Win32
		{228843F0-8EDE-4D86-B287-189ECC53E274}.Release|Win32.Build.0 = Release|Win32
		{0AE05220-9A82-4E0E-9B03-98080685CFA2}.Debug|Win32.ActiveCfg = Debug|Win32
		{0AE05220-9A82-4E0E-9B03-98080685CFA2}.Debug|Win32.Build.0 = Debug|Win32
		{0AE05220-9A82-4E0E-9B03-98080685CFA2}.Release|Win32.ActiveCfg = Release|Win32
		{0AE05220-9A82-4E0E-9B03-98080685CFA2}.Release|Win32.Build.0 = Release|Win32
		{9A2226C2-864F-471A-96A8-6CBE6ACD357B}.Debug|Win32.ActiveCfg = Debug|Win32
		{9A2226C2-864F-471A-96A8-6CBE6ACD357B}.Debug|Win32.Build.0 = Debug|Win32
		{9A2226C2-864F-471A-96A8-6CBE6ACD357B}.Release|Win32.ActiveCfg = Release|Win32
		{9A2226C2-864F-471A-96A8-6CBE6ACD357B}.Release|Win32.Build.0 = Release|Win32
		{3117FCE7-CD14-43C4-8817-A9CC7C69F3E1}.Debug|Win32.ActiveCfg = Debug|Win32
		{3117FCE7-CD14-43C4-8817-A9CC7C69F3E1}.Debug|Win32.Build.0 = Debug|Win32
		{3117FCE7-CD14-43C4-8817-A9CC7C69F3E1}.Release|Win32.ActiveCfg = Release|Win32
		{3117FCE7-CD14-43C4-8817-A9CC7C69F3E1}.Release|Win32.Build.0 = Release|Win32
		{14489F9C-CE74-4B1C-9705-D02686300DAB}.Debug|Win32.ActiveCfg = Debug|Win32
		{14489F9C-CE74-4B1C-9705-D02686300DAB}.Debug|Win32.Build.0 = Debug|Win32
		{14489F9C-CE74-4B1C-9705-D02686300DAB}.Release|Win32.ActiveCfg = Release|Win32
		{14489F9C-CE74-4B1C-9705-D02686300DAB}.Release|Win32.Build.0 = Release|Win32
		{57F666AA-6199-433F-944A-D9505C0E9C19}.Debug|Win32.ActiveCfg = Debug|Win32
		{57F666AA-6199-433F-944A-D9505C0E9C19}.Debug|Win32.Build.0 = Debug|Win32
		{57F666AA-6199-433F-944A-D9505C0E9C19}.Release|Win32.ActiveCfg = Release|Win32
		{57F666AA-6199-433F-944A-D9505C0E9C19}.Release|Win32.Build.0 = Release|Win32
		{99654526-642E-4051-A869-FCA0D99BE3BB}.Debug|Win32.ActiveCfg = Debug|Win32
		{99654526-642E-4051-A869-FCA0D99BE3BB}.Debug|Win32.Build.0 = Debug|Win32
		{99654526-642E-4051-A869-FCA0D99BE3BB}.Release|Win32.ActiveCfg = Release|Win32
		{99654526-642E-4051-A869-FCA0D99BE3BB}.Release|Win32.Build.0 = Release|Win32
		{09FF567F-7330-466F-B062-88692AA04E53}.Debug|Win32.ActiveCfg = Debug|Win32
		{09FF567F-7330-466F-B062-88692AA04E53}.Debug|Win32.Build.0 = Debug|Win32
		{09FF567F-7330-466F-B062-88692AA04E53}.Release|Win32.ActiveCfg = Release|Win32
		{09FF567F-7330-466F-B062-88692AA04E53}.Release|Win32.Build.0 = Release|Win32
		{C0564FF8-3CE4-43CB-928A-0E6FA6124700}.Debug|Win32.ActiveCfg = Debug|Win32
		{C0564FF8-3CE4-43CB-928A-0E6FA6124700}.Debug|Win32.Build.0 = Debug|Win32
		{C0564FF8-3CE4-43CB-928A-0E6FA6124700}.Release|Win32.ActiveCfg = Release|Win32
		{C0564FF8-3CE4-43CB-928A-0E6FA6124700}.Release|Win32.Build.0 = Release|Win32
		{6A3ADCD9-F014-4BEE-B406-FC922D20C61F}.Debug|Win32.ActiveCfg = Debug|Win32
		{6A3ADCD9-F014-4BEE-B406-FC922D20C61F}.Debug|Win32.Build.0 = Debug|Win32
		{6A3ADCD9-F014-4BEE-B406-FC922D20C61F}.Release|Win32.ActiveCfg = Release|Win32
		{6A3ADCD9-F014-4BEE-B406-FC922D20C61F}.Release|Win32.Build.0 = Release|Win32
		{D303277B-358B-4638-A039-27A56120C18F}.Debug|Win32.ActiveCfg = Debug|Win32
		{D303277B-358B-4638-A039-27A56120C18F}.Debug|Win32.Build.0 = Debug|Win32
		{D303277B-358B-4638-A039-27A56120C18F}.Release|Win32.ActiveCfg = Release|Win32
		{D303277B-358B-4638-A039-27A56120C18F}.Release|Win32.Build.0 = Release|Win32
		{3F3C9B3E-AFE4-4FFD-BD9E-EC2CC299F86A}.Debug|Win32.ActiveCfg = Debug|Win32
		{3F3C9B3E-AFE4-4FFD-BD9E-EC2CC299F86A}.Debug|Win32.Build.0 = Debug|Win32
		{3F3C9B3E-AFE4-4FFD-BD9E-EC2CC299F86A}.Release|Win32.ActiveCfg = Release|Win32
		{3F3C9B3E-AFE4-4FFD-BD9E-EC2CC299F86A}.Release|Win32.Build.0 = Release|Win32
		{911AF96E-7227-4849-A0D3-56E3CED6529E}.Debug|Win32.ActiveCfg = Debug|Win32
		{911AF96E-7227-4849-A0D3-56E3CED6529E}.Debug|Win32.Build.0 = Debug|Win32
		{911AF96E-7227-4849-A0D3-56E3CED6529E}.Release|Win32.ActiveCfg = Release|Win32
		{911AF96E-7227-4849-A0D3-56E3CED6529E}.Release|Win32.Build.0 = Release|Win32
		{6A503622-0E01-4F7F-97B2-84C99F678CAA}.Debug|Win32.ActiveCfg = Debug|Win32
		{6A503622-0E01-4F7F-97B2-84C99F678CAA}.Debug|Win32.Build.0 = Debug|Win32
		{6A503622-0E01-4F7F-97B2-84C99F678CAA}.Release|Win32.ActiveCfg = Release|Win32
		{6A503622-0E01-4F7F-97B2-84C99F678CAA}.Release|Win32.Build.0 = Release|Win32
		{102FE46A-5D80-462D-B955-97501A56A360}.Debug|Win32.ActiveCfg = Debug|Win32
		{102FE46A-5D80-462D-B955-97501A56A360}.Debug|Win32.Build.0 = Debug|Win32
		{102FE46A-5D80-462D-B955-97501A56A360}.Release|Win32.ActiveCfg = Release|Win32
		{102FE46A-5D80-462D-B955-97501A56A360}.Release|Win32.Build.0 = Release|Win32
		{789A624D-5586-43F1-A08D-CD25F63553FD}.Debug|Win32.ActiveCfg = Debug|Win32
		{789A624D-5586-43F1-A08D-CD25F63553FD}.Debug|Win32.Build.0 = Debug|Win32
		{789A624D-5586-43F1-A08D-CD25F63553FD}.Release|Win32.ActiveCfg = Release|Win32
		{789A624D-5586-43F1-A08D-CD25F63553FD}.Release|Win32.Build.0 = Release|Win32
		{476F2291-6130-425C-89D5-E91190594FE0}.Debug|Win32.ActiveCfg = Debug|Win32
		{476F2291-6130-425C-89D5-E91190594FE0}.Debug|Win32.Build.0 = Debug|Win32
		{476F2291-6130-425C-89D5-E91190594FE0}.Release|Win32.ActiveCfg = Release|Win32
		{476F2291-6130-425C-89D5-E91190594FE0}.Release|Win32.Build.0 = Release|Win32
		{84DE9010-B3E2-4ADC-9E0B-880AAED9CE6F}.Debug|Win32.ActiveCfg = Debug|Win32
		{84DE9010-B3E2-4ADC-9E0B-880AAED9CE6F}.Debug|Win32.Build.0 = Debug|Win32
		{84DE9010-B3E2-4ADC-9E0B-880AAED9CE6F}.Release|Win32.ActiveCfg = Release|Win32
		{84DE9010-B3E2-4ADC-9E0B-880AAED9CE6F}.Release|Win32.Build.0 = Release|Win32
		{431BF18D-FEF5-4CC6-8510-F431DDB224D4}.Debug|Win32.ActiveCfg = Debug|Win32
		{431BF18D-FEF5-4CC6-8510-F431DDB224D4}.Debug|Win32.Build.0 = Debug|Win32
		{431BF18D-FEF5-4CC6-8510-F431DDB224D4}.Release|Win32.ActiveCfg = Release|Win32
		{431BF18D-FEF5-4CC6-8510-F431DDB224D4}.Release|Win32.Build.0 = Release|Win32
		{FD6E0DDA-7F86-492C-A20C-259803127D6F}.Debug|Win32.ActiveCfg = Debug|Win32
		{FD6E0DDA-7F86-492C-A20C-259803127D6F}.Debug|Win32.Build.0 = Debug|Win32
		{FD6E0DDA-7F86-492C-A20C-259803127D6F}.Release|Win32.ActiveCfg = Release|Win32
		{FD6E0DDA-7F86-492C-A20C-259803127D6F}.Release|Win32.Build.0 = Release|Win32
		{9CC8D036-3C56-439C-93ED-D3C3F249BA43}.Debug|Win32.ActiveCfg = Debug|Win32
		{9CC8D036-3C56-439C-93ED-D3C3F249BA43}.Debug|Win32.Build.0 = Debug|Win32
		{9CC8D036-3C56-439C-93ED-D3C3F249BA43}.Release|Win32.ActiveCfg = Release|Win32
		{9CC8D036-3C56-439C-93ED-D3C3F249BA43}.Release|Win32.Build.0 = Release|Win32
		{C7956900-3BC6-4A3A-BFAD-734858E05A85}.Debug|Win32.ActiveCfg = Debug|Win32
		{C7956900-3BC6-4A3A-BFAD-734858E05A85}.Debug|Win32.Build.0 = Debug|Win32
		{C7956900-3BC6-4A3A-BFAD-734858E05A85}.Release|Win32.ActiveCfg = Release|Win32
		{C7956900-3BC6-4A3A-BFAD-734858E05A85}.Release|Win32.Build.0 = Release|Win32
		{A63F5681-A19F-4824-98CE-38AAEF7030B9}.Debug|Win32.ActiveCfg = Debug|Win32
		{A63F5681-A19F-4824-98CE-38AAEF7030B9}.Debug|Win32.Build.0 = Debug|Win32
		{A63F5681-A19F-4824-98CE-38AAEF7030B9}.Release|Win32.ActiveCfg = Release|Win32
		{A63F5681-A19F-4824-98CE-38AAEF7030B9}.Release|Win32.Build.0 = Release|Win32
		{C5FB603C-7417-480B-B15D-1ED50C3A9678}.Debug|Win32.ActiveCfg = Debug|Win32
		{C5FB603C-7417-480B-B15D-1ED50C3A9678}.Debug|Win32.Build.0 = Debug|Win32
		{C5FB603C-7417-480B-B15D-1ED50C3A9678}.Release|Win32.ActiveCfg = Release|Win32
		{C5FB603C-7417-480B-B15D-1ED50C3A9678}.Release|Win32.Build.0 = Release|Win32
		{650EDE59-8929-4278-91A7-76AF7CA57CDD}.Debug|Win32.ActiveCfg = Debug|Win32
		{650EDE59-8929-4278-91A7-76AF7CA57CDD}.Debug|Win32.Build.0 = Debug|Win32
		{650EDE59-8929-4278-91A7-76AF7CA57CDD}.Release|Win32.ActiveCfg = Release|Win32
		{650EDE59-8929-4278-91A7-76AF7CA57CDD}.Release|Win32.Build.0 = Release|Win32
		{2124BFF2-92A6-47AE-98D2-D2DAF76D1D31}.Debug|Win32.ActiveCfg = Debug|Win32
		{2124BFF2-92A6-47AE-98D2-D2DAF76D1D31}.Debug|Win32.Build.0 = Debug|Win32
		{2124BFF2-92A6-47AE-98D2-D2DAF76D1D31}.Release|Win32.ActiveCfg = Release|Win32
		{2124BFF2-92A6-47AE-98D2-D2DAF76D1D31}.Release|Win32.Build.0 = Release|Win32
		{3BF4E1C5-7139-412C-AAC4-75FF877B1502}.Debug|Win32.ActiveCfg = Debug|Win32
		{3BF4E1C5-7139-412C-AAC4-75FF877B1502}.Debug|Win32.Build.0 = Debug|Win32
		{3BF4E1C5-7139-412C-AAC4-75FF877B1502}.Release|Win32.ActiveCfg = Release|Win32
		{3BF4E1C5-7139-412C-AAC4-75FF877B1502}.Release|Win32.Build.0 = Release|Win32
		{AB163717-BB60-4249-BA4E-5AF03A8E9306}.Debug|Win32.ActiveCfg = Debug|Win32
		{AB163717-BB60-4249-BA4E-5AF03A8E9306}.Debug|Win32.Build.0 = Debug|Win32
		{AB163717-BB60-4249-BA4E-5AF03A8E9306}.Release|Win32.ActiveCfg = Release|Win32
		{AB163717-BB60-4249-BA4E-5AF03A8E9306}.Release|Win32.Build.0 = Release|Win32
		{4F061977-84F9-467A-82CF-5843F1D32250}.Debug|Win32.ActiveCfg = Debug|Win32
		{4F061977-84F9-467A-82CF-5843F1D32250}.Debug|Win32.Build.0 = Debug|Win32
		{4F061977-84F9-467A-82CF-5843F1D32250}.Release|Win32.ActiveCfg = Release|Win32
		{4F061977-84F9-467A-82CF-5843F1D32250}.Release|Win32.Build.0 = Release|Win32
		{8AE99324-DCA3-4AEE-B788-7EBC612928D8}.Debug|Win32.ActiveCfg = Debug|Win32
		{8AE99324-DCA3-4AEE-B788-7EBC612928D8}.Debug|Win32.Build.0 = Debug|Win32
		{8AE99324-DCA3-4AEE-B788-7EBC612928D8}.Release|Win32.ActiveCfg = Release|Win32
		{8AE99324-DCA3-4AEE-B788-7EBC612928D8}.Release|Win32.Build.0 = Release|Win32
	EndGlobalSection
	GlobalSection(SolutionProperties) = preSolution
		HideSolutionNode = FALSE
	EndGlobalSection
	GlobalSection(NestedProjects) = preSolution
		{FBF11FF4-375E-43BC-B19E-12F0BA87A53B} = {BE90E488-AC31-423B-977D-35F3DECC2111}
		{F11D7EFB-CAD7-4384-944B-63DF30D2AD67} = {82246EAD-5DCF-442E-82CE-699A3FD59BDB}
		{ED32F851-AAAB-4B2C-8728-9FD6A052E18C} = {82246EAD-5DCF-442E-82CE-699A3FD59BDB}
		{EC0F8B12-03EF-4DB4-BF33-2A11357E69FC} = {82246EAD-5DCF-442E-82CE-699A3FD59BDB}
		{9177172F-2282-4294-B421-76D5C36C59FA} = {82246EAD-5DCF-442E-82CE-699A3FD59BDB}
		{1E6E1081-8F9F-4D97-A7DE-28D6B28BA6DF} = {748D2E74-F45F-4B31-BE9D-DABBD809ABC1}
		{0AE05220-9A82-4E0E-9B03-98080685CFA2} = {2DB9D61F-179A-4894-A688-AF0811BB71DD}
		{9A2226C2-864F-471A-96A8-6CBE6ACD357B} = {2DB9D61F-179A-4894-A688-AF0811BB71DD}
		{3117FCE7-CD14-43C4-8817-A9CC7C69F3E1} = {2DB9D61F-179A-4894-A688-AF0811BB71DD}
		{34C4CC7A-2DE3-4731-AF4C-2FEC88F09428} = {2AF96713-8E12-4746-B513-85A158A6AAAF}
		{C71B1187-32DC-4F01-A9D4-363602794FB0} = {2AF96713-8E12-4746-B513-85A158A6AAAF}
		{1A7A2C5A-C35B-41F8-B973-1E45E46C4228} = {2AF96713-8E12-4746-B513-85A158A6AAAF}
		{228843F0-8EDE-4D86-B287-189ECC53E274} = {2AF96713-8E12-4746-B513-85A158A6AAAF}
		{14489F9C-CE74-4B1C-9705-D02686300DAB} = {67232F3B-60AC-45D8-99E4-D1E4CB6E3858}
		{57F666AA-6199-433F-944A-D9505C0E9C19} = {67232F3B-60AC-45D8-99E4-D1E4CB6E3858}
		{99654526-642E-4051-A869-FCA0D99BE3BB} = {EE0D600A-39C5-47F7-99CD-1BF207E9F60F}
		{09FF567F-7330-466F-B062-88692AA04E53} = {EE0D600A-39C5-47F7-99CD-1BF207E9F60F}
		{C0564FF8-3CE4-43CB-928A-0E6FA6124700} = {EE0D600A-39C5-47F7-99CD-1BF207E9F60F}
		{6A3ADCD9-F014-4BEE-B406-FC922D20C61F} = {60B9CC39-FBB6-4346-85A4-CF048ED485CE}
		{D303277B-358B-4638-A039-27A56120C18F} = {60B9CC39-FBB6-4346-85A4-CF048ED485CE}
		{3F3C9B3E-AFE4-4FFD-BD9E-EC2CC299F86A} = {60B9CC39-FBB6-4346-85A4-CF048ED485CE}
		{911AF96E-7227-4849-A0D3-56E3CED6529E} = {8BBDCC5F-724B-40E5-94ED-46A09183087F}
		{6A503622-0E01-4F7F-97B2-84C99F678CAA} = {999155B5-620B-4BFA-A1EA-64DDF1CAC2F6}
		{102FE46A-5D80-462D-B955-97501A56A360} = {999155B5-620B-4BFA-A1EA-64DDF1CAC2F6}
		{789A624D-5586-43F1-A08D-CD25F63553FD} = {999155B5-620B-4BFA-A1EA-64DDF1CAC2F6}
		{476F2291-6130-425C-89D5-E91190594FE0} = {435827DF-EA24-4A21-9A3E-6C7E7B750236}
		{84DE9010-B3E2-4ADC-9E0B-880AAED9CE6F} = {435827DF-EA24-4A21-9A3E-6C7E7B750236}
		{431BF18D-FEF5-4CC6-8510-F431DDB224D4} = {8FB94410-0A18-4896-B470-7F1142EDB2A8}
		{FD6E0DDA-7F86-492C-A20C-259803127D6F} = {8FB94410-0A18-4896-B470-7F1142EDB2A8}
		{9CC8D036-3C56-439C-93ED-D3C3F249BA43} = {8FB94410-0A18-4896-B470-7F1142EDB2A8}
		{C7956900-3BC6-4A3A-BFAD-734858E05A85} = {3C443E80-6751-4568-8C7B-5BE83BD5AC21}
		{A63F5681-A19F-4824-98CE-38AAEF7030B9} = {868D2059-3A78-4E33-878D-5AC7BF500994}
		{C5FB603C-7417-480B-B15D-1ED50C3A9678} = {7B18636B-153A-471D-A563-96402B55B091}
		{650EDE59-8929-4278-91A7-76AF7CA57CDD} = {7B18636B-153A-471D-A563-96402B55B091}
		{2124BFF2-92A6-47AE-98D2-D2DAF76D1D31} = {7B18636B-153A-471D-A563-96402B55B091}
		{3BF4E1C5-7139-412C-AAC4-75FF877B1502} = {CC0B885E-3F29-47EC-A335-E0098DEADA3B}
		{AB163717-BB60-4249-BA4E-5AF03A8E9306} = {45455768-4F46-414A-9BB5-7EE874113653}
		{4F061977-84F9-467A-82CF-5843F1D32250} = {45455768-4F46-414A-9BB5-7EE874113653}
		{8AE99324-DCA3-4AEE-B788-7EBC612928D8} = {45455768-4F46-414A-9BB5-7EE874113653}
	EndGlobalSection
EndGlobal
