
Microsoft Visual Studio Solution File, Format Version 12.00
# Visual Studio 2012
Project("{2150E333-8FDC-42A3-9474-1A3956D46DE8}") = "Chapter01", "Chapter01", "{C65F75AD-D16B-49E0-B886-1BF40115F21B}"
EndProject
Project("{2150E333-8FDC-42A3-9474-1A3956D46DE8}") = "Chapter03", "Chapter03", "{7297C601-9C46-4776-A2BC-37C14859A1DF}"
EndProject
Project("{8BC9CEB8-8B4A-11D0-8D11-00A0C91BC942}") = "ch1-1-Window", "src\ch1-1-Window\ch1-1-Window.vcxproj", "{FB8312ED-B4EE-47E7-8C3A-8DCC979D7A6D}"
EndProject
Project("{2150E333-8FDC-42A3-9474-1A3956D46DE8}") = "Chapter05", "Chapter05", "{76982ECD-B5AD-407E-852C-9EE7B71E00C3}"
EndProject
Project("{2150E333-8FDC-42A3-9474-1A3956D46DE8}") = "Chapter06", "Chapter06", "{5882A317-E277-4C87-A203-73D8E9040B93}"
EndProject
Project("{2150E333-8FDC-42A3-9474-1A3956D46DE8}") = "Chapter04", "Chapter04", "{7D3FF757-71DE-4BE8-99B9-A44915657AAE}"
EndProject
Project("{2150E333-8FDC-42A3-9474-1A3956D46DE8}") = "Chapter07", "Chapter07", "{ADBE2AD3-8913-41EE-8322-B1FB8A1A6948}"
EndProject
Project("{2150E333-8FDC-42A3-9474-1A3956D46DE8}") = "Chapter08", "Chapter08", "{2A17532B-9D6A-44BC-AC5E-EF9975D2801B}"
EndProject
Project("{2150E333-8FDC-42A3-9474-1A3956D46DE8}") = "Chapter09", "Chapter09", "{C70ED28F-578C-4763-865F-5C1F5FA0CD22}"
EndProject
Project("{2150E333-8FDC-42A3-9474-1A3956D46DE8}") = "Chapter10", "Chapter10", "{3BE63F8B-1929-4B6D-B13B-30A253E962D4}"
EndProject
Project("{2150E333-8FDC-42A3-9474-1A3956D46DE8}") = "Chapter11", "Chapter11", "{7B94BD23-B71B-4ABB-B1B9-FDBDA3AB4BDF}"
EndProject
Project("{2150E333-8FDC-42A3-9474-1A3956D46DE8}") = "Chapter12", "Chapter12", "{7A9F97B7-2741-4DFB-AEEF-A81CD85F707A}"
EndProject
Project("{2150E333-8FDC-42A3-9474-1A3956D46DE8}") = "Chapter13", "Chapter13", "{2E24DA1C-8CD1-4655-89DE-000B5AEB0FE7}"
EndProject
Project("{2150E333-8FDC-42A3-9474-1A3956D46DE8}") = "Chapter14", "Chapter14", "{9F2C669A-925A-45FA-9240-072F81C34A41}"
EndProject
Project("{2150E333-8FDC-42A3-9474-1A3956D46DE8}") = "Chapter15", "Chapter15", "{ED2EF21C-1D76-427C-916B-ADA1D69660FA}"
EndProject
Project("{2150E333-8FDC-42A3-9474-1A3956D46DE8}") = "Chapter16", "Chapter16", "{04728409-1512-44C3-AB84-3D5F294A43EB}"
EndProject
Project("{2150E333-8FDC-42A3-9474-1A3956D46DE8}") = "Chapter17", "Chapter17", "{4D1E55E9-DA17-4707-A7E2-AA7FE8B5C4D5}"
EndProject
Project("{2150E333-8FDC-42A3-9474-1A3956D46DE8}") = "Chapter18", "Chapter18", "{DD59D899-2728-46EF-B71B-9CAFAB6CAE8A}"
EndProject
Project("{2150E333-8FDC-42A3-9474-1A3956D46DE8}") = "Chapter19", "Chapter19", "{99F62ADB-D526-45CB-A13A-B5D7B8099E5C}"
EndProject
Project("{8BC9CEB8-8B4A-11D0-8D11-00A0C91BC942}") = "ch19-3-Cartoon-Effect", "src\ch19-3-Cartoon-Effect\ch19-3-Cartoon-Effect.vcxproj", "{85283183-611B-446D-BED7-49C3E2DA9586}"
EndProject
Project("{8BC9CEB8-8B4A-11D0-8D11-00A0C91BC942}") = "ch19-2-Fog-Effect", "src\ch19-2-Fog-Effect\ch19-2-Fog-Effect.vcxproj", "{D9837981-F445-449B-8CE0-2A23E30DD265}"
EndProject
Project("{8BC9CEB8-8B4A-11D0-8D11-00A0C91BC942}") = "ch19-1-Light-Texture", "src\ch19-1-Light-Texture\ch19-1-Light-Texture.vcxproj", "{DE08286D-0AA3-406F-878C-4939DC813131}"
EndProject
Project("{8BC9CEB8-8B4A-11D0-8D11-00A0C91BC942}") = "ch18-PS-Multi-Texture", "src\ch18-PS-Multi-Texture\ch18-PS-Multi-Texture.vcxproj", "{B12A8742-623F-4398-9102-72C9471976BB}"
EndProject
Project("{8BC9CEB8-8B4A-11D0-8D11-00A0C91BC942}") = "ch17-3-VS-Toon-Outline", "src\ch17-3-VS-Toon-Outline\ch17-3-VS-Toon-Outline.vcxproj", "{A4B1DE8C-E3E8-4AF8-8431-3D55DDC8FD2F}"
EndProject
Project("{8BC9CEB8-8B4A-11D0-8D11-00A0C91BC942}") = "ch17-1-VS-Diffuse", "src\ch17-1-VS-Diffuse\ch17-1-VS-Diffuse.vcxproj", "{22820A19-4D58-488F-AA88-7A9875D2A23A}"
EndProject
Project("{8BC9CEB8-8B4A-11D0-8D11-00A0C91BC942}") = "ch17-2-VS-Toon", "src\ch17-2-VS-Toon\ch17-2-VS-Toon.vcxproj", "{D18DBF1A-E4A2-4780-B17C-4AEE5CE6667F}"
EndProject
Project("{8BC9CEB8-8B4A-11D0-8D11-00A0C91BC942}") = "ch16-Transform", "src\ch16-Transform\ch16-Transform.vcxproj", "{015D093B-DCBB-4A48-81D3-3EA6D2D8931D}"
EndProject
Project("{8BC9CEB8-8B4A-11D0-8D11-00A0C91BC942}") = "ch15-1-Picking", "src\ch15-1-Picking\ch15-1-Picking.vcxproj", "{6EA665C3-74B5-402E-A963-42BE73F9B500}"
EndProject
Project("{8BC9CEB8-8B4A-11D0-8D11-00A0C91BC942}") = "ch14-3-Firework-System", "src\ch14-3-Firework-System\ch14-3-Firework-System.vcxproj", "{F8058FBB-9946-4F10-AAEB-65669F0E8B9F}"
EndProject
Project("{8BC9CEB8-8B4A-11D0-8D11-00A0C91BC942}") = "ch14-2-Snow-System", "src\ch14-2-Snow-System\ch14-2-Snow-System.vcxproj", "{1075C6F0-BCF1-456A-8452-F5B30BB39CD0}"
EndProject
Project("{8BC9CEB8-8B4A-11D0-8D11-00A0C91BC942}") = "ch14-1-Laser-System", "src\ch14-1-Laser-System\ch14-1-Laser-System.vcxproj", "{0E818EAE-E4D3-4080-873D-7417EC7259F4}"
EndProject
Project("{8BC9CEB8-8B4A-11D0-8D11-00A0C91BC942}") = "ch13-1-Terrian", "src\ch13-1-Terrian\ch13-1-Terrian.vcxproj", "{3DA18833-DA26-4A6C-815D-4ADF63C09659}"
EndProject
Project("{8BC9CEB8-8B4A-11D0-8D11-00A0C91BC942}") = "ch12-2-Terrian", "src\ch12-2-Terrian\ch12-2-Terrian.vcxproj", "{42D42D9D-AAC6-4BA3-8038-FDFD23AAF931}"
EndProject
Project("{8BC9CEB8-8B4A-11D0-8D11-00A0C91BC942}") = "ch12-1-Camera", "src\ch12-1-Camera\ch12-1-Camera.vcxproj", "{EFCA442C-3EB1-4B9A-B3F4-EAFED120F844}"
EndProject
Project("{8BC9CEB8-8B4A-11D0-8D11-00A0C91BC942}") = "ch11-3-Bounding-Volume", "src\ch11-3-Bounding-Volume\ch11-3-Bounding-Volume.vcxproj", "{2EC58D92-D4DA-4DC1-B58F-40D642D6A1F1}"
EndProject
Project("{8BC9CEB8-8B4A-11D0-8D11-00A0C91BC942}") = "ch11-2-Progressive-Mesh", "src\ch11-2-Progressive-Mesh\ch11-2-Progressive-Mesh.vcxproj", "{3370D1F7-C070-4EF3-988D-DCC31B5434F2}"
EndProject
Project("{8BC9CEB8-8B4A-11D0-8D11-00A0C91BC942}") = "ch11-1-XFile", "src\ch11-1-XFile\ch11-1-XFile.vcxproj", "{A6C1A6CA-4523-4408-9303-762491178E3E}"
EndProject
Project("{8BC9CEB8-8B4A-11D0-8D11-00A0C91BC942}") = "ch10-1-D3DX-CreateMesh-FVF", "src\ch10-1-D3DX-CreateMesh-FVF\ch10-1-D3DX-CreateMesh-FVF.vcxproj", "{51E1A8ED-1AC3-4C05-A1A8-6DCB19FB129C}"
EndProject
Project("{8BC9CEB8-8B4A-11D0-8D11-00A0C91BC942}") = "ch9-1-D3DX-Create-Text", "src\ch9-1-D3DX-Create-Text\ch9-1-D3DX-Create-Text.vcxproj", "{858A6F52-024A-4835-82D2-260514B5A39C}"
EndProject
Project("{8BC9CEB8-8B4A-11D0-8D11-00A0C91BC942}") = "ch9-2-ID3DX-Font", "src\ch9-2-ID3DX-Font\ch9-2-ID3DX-Font.vcxproj", "{CD895985-7C85-48A9-9B8C-411136F9A0D3}"
EndProject
Project("{8BC9CEB8-8B4A-11D0-8D11-00A0C91BC942}") = "ch9-3-CFont", "src\ch9-3-CFont\ch9-3-CFont.vcxproj", "{569B8F3C-28D3-4509-B51D-A51462E5A1DB}"
EndProject
Project("{8BC9CEB8-8B4A-11D0-8D11-00A0C91BC942}") = "ch8-1-Stencil-Mirror", "src\ch8-1-Stencil-Mirror\ch8-1-Stencil-Mirror.vcxproj", "{74EBDB32-2D6B-418B-B816-324568C4EAE6}"
EndProject
Project("{8BC9CEB8-8B4A-11D0-8D11-00A0C91BC942}") = "ch8-2-Stencil-Shadow", "src\ch8-2-Stencil-Shadow\ch8-2-Stencil-Shadow.vcxproj", "{E3AC4123-7439-45AB-82EE-1A4B41D3F698}"
EndProject
Project("{8BC9CEB8-8B4A-11D0-8D11-00A0C91BC942}") = "ch8-3-Stencil-Shadow-Mirror", "src\ch8-3-Stencil-Shadow-Mirror\ch8-3-Stencil-Shadow-Mirror.vcxproj", "{05A61146-1054-411A-939D-74651E547766}"
EndProject
Project("{8BC9CEB8-8B4A-11D0-8D11-00A0C91BC942}") = "ch7-1-Alpha-Texture", "src\ch7-1-Alpha-Texture\ch7-1-Alpha-Texture.vcxproj", "{E3CC33C0-605B-4C3B-AF06-862EE2B248C7}"
EndProject
Project("{8BC9CEB8-8B4A-11D0-8D11-00A0C91BC942}") = "ch7-2-Alpha-Mtrl", "src\ch7-2-Alpha-Mtrl\ch7-2-Alpha-Mtrl.vcxproj", "{F94B2AA9-7D80-44FE-97A0-8545C507B809}"
EndProject
Project("{8BC9CEB8-8B4A-11D0-8D11-00A0C91BC942}") = "ch6-1-Texture-Quad", "src\ch6-1-Texture-Quad\ch6-1-Texture-Quad.vcxproj", "{A77DB4B4-6D94-47E4-93D4-3237E5C7152A}"
EndProject
Project("{8BC9CEB8-8B4A-11D0-8D11-00A0C91BC942}") = "ch6-2-Texture-Wrap", "src\ch6-2-Texture-Wrap\ch6-2-Texture-Wrap.vcxproj", "{61DBB8A0-C047-4F65-B29A-CA7F566CCC31}"
EndProject
Project("{8BC9CEB8-8B4A-11D0-8D11-00A0C91BC942}") = "ch6-3-Texture-Cube", "src\ch6-3-Texture-Cube\ch6-3-Texture-Cube.vcxproj", "{C51FC035-739A-47E2-B53D-36A59B6E3695}"
EndProject
Project("{8BC9CEB8-8B4A-11D0-8D11-00A0C91BC942}") = "ch5-1-Pyramid", "src\ch5-1-Pyramid\ch5-1-Pyramid.vcxproj", "{79EFBDA4-8C30-4A6F-B7B3-067BD253E10F}"
EndProject
Project("{8BC9CEB8-8B4A-11D0-8D11-00A0C91BC942}") = "ch5-2-Directional-Light", "src\ch5-2-Directional-Light\ch5-2-Directional-Light.vcxproj", "{B844A3B2-59DF-4D1E-89AB-598D399B6EE3}"
EndProject
Project("{8BC9CEB8-8B4A-11D0-8D11-00A0C91BC942}") = "ch5-3-Point-Light", "src\ch5-3-Point-Light\ch5-3-Point-Light.vcxproj", "{6E38AC88-7722-4FF7-88D0-A6525EF74616}"
EndProject
Project("{8BC9CEB8-8B4A-11D0-8D11-00A0C91BC942}") = "ch5-4-Spot-Light", "src\ch5-4-Spot-Light\ch5-4-Spot-Light.vcxproj", "{BBB022E9-DAA7-496C-A5F8-6E1A2DE333B8}"
EndProject
Project("{8BC9CEB8-8B4A-11D0-8D11-00A0C91BC942}") = "ch4-1-Color-Triangle", "src\ch4-1-Color-Triangle\ch4-1-Color-Triangle.vcxproj", "{E96DF513-A025-407B-87A3-6FD2BD5601E4}"
EndProject
Project("{8BC9CEB8-8B4A-11D0-8D11-00A0C91BC942}") = "ch3-4-Teapot", "src\ch3-4-Teapot\ch3-4-Teapot.vcxproj", "{5C9930C7-2343-4C8E-A74B-77A227C7DA8C}"
EndProject
Project("{8BC9CEB8-8B4A-11D0-8D11-00A0C91BC942}") = "ch3-3-D3DXCreate", "src\ch3-3-D3DXCreate\ch3-3-D3DXCreate.vcxproj", "{67485F21-D1FD-427B-9D3F-9FC394D67FF7}"
EndProject
Project("{8BC9CEB8-8B4A-11D0-8D11-00A0C91BC942}") = "ch3-1-Triangle", "src\ch3-1-Triangle\ch3-1-Triangle.vcxproj", "{5EE19189-24EC-4753-8A9F-6D132E6DE411}"
EndProject
Project("{8BC9CEB8-8B4A-11D0-8D11-00A0C91BC942}") = "ch3-2-Cube", "src\ch3-2-Cube\ch3-2-Cube.vcxproj", "{5379D05F-5D77-4D4F-8EA1-FAD68D76028A}"
EndProject
Global
	GlobalSection(SolutionConfigurationPlatforms) = preSolution
		Debug|Win32 = Debug|Win32
		Release|Win32 = Release|Win32
	EndGlobalSection
	GlobalSection(ProjectConfigurationPlatforms) = postSolution
		{FB8312ED-B4EE-47E7-8C3A-8DCC979D7A6D}.Debug|Win32.ActiveCfg = Debug|Win32
		{FB8312ED-B4EE-47E7-8C3A-8DCC979D7A6D}.Debug|Win32.Build.0 = Debug|Win32
		{FB8312ED-B4EE-47E7-8C3A-8DCC979D7A6D}.Release|Win32.ActiveCfg = Release|Win32
		{FB8312ED-B4EE-47E7-8C3A-8DCC979D7A6D}.Release|Win32.Build.0 = Release|Win32
		{85283183-611B-446D-BED7-49C3E2DA9586}.Debug|Win32.ActiveCfg = Debug|Win32
		{85283183-611B-446D-BED7-49C3E2DA9586}.Debug|Win32.Build.0 = Debug|Win32
		{85283183-611B-446D-BED7-49C3E2DA9586}.Release|Win32.ActiveCfg = Release|Win32
		{85283183-611B-446D-BED7-49C3E2DA9586}.Release|Win32.Build.0 = Release|Win32
		{D9837981-F445-449B-8CE0-2A23E30DD265}.Debug|Win32.ActiveCfg = Debug|Win32
		{D9837981-F445-449B-8CE0-2A23E30DD265}.Debug|Win32.Build.0 = Debug|Win32
		{D9837981-F445-449B-8CE0-2A23E30DD265}.Release|Win32.ActiveCfg = Release|Win32
		{D9837981-F445-449B-8CE0-2A23E30DD265}.Release|Win32.Build.0 = Release|Win32
		{DE08286D-0AA3-406F-878C-4939DC813131}.Debug|Win32.ActiveCfg = Debug|Win32
		{DE08286D-0AA3-406F-878C-4939DC813131}.Debug|Win32.Build.0 = Debug|Win32
		{DE08286D-0AA3-406F-878C-4939DC813131}.Release|Win32.ActiveCfg = Release|Win32
		{DE08286D-0AA3-406F-878C-4939DC813131}.Release|Win32.Build.0 = Release|Win32
		{B12A8742-623F-4398-9102-72C9471976BB}.Debug|Win32.ActiveCfg = Debug|Win32
		{B12A8742-623F-4398-9102-72C9471976BB}.Debug|Win32.Build.0 = Debug|Win32
		{B12A8742-623F-4398-9102-72C9471976BB}.Release|Win32.ActiveCfg = Release|Win32
		{B12A8742-623F-4398-9102-72C9471976BB}.Release|Win32.Build.0 = Release|Win32
		{A4B1DE8C-E3E8-4AF8-8431-3D55DDC8FD2F}.Debug|Win32.ActiveCfg = Debug|Win32
		{A4B1DE8C-E3E8-4AF8-8431-3D55DDC8FD2F}.Debug|Win32.Build.0 = Debug|Win32
		{A4B1DE8C-E3E8-4AF8-8431-3D55DDC8FD2F}.Release|Win32.ActiveCfg = Release|Win32
		{A4B1DE8C-E3E8-4AF8-8431-3D55DDC8FD2F}.Release|Win32.Build.0 = Release|Win32
		{22820A19-4D58-488F-AA88-7A9875D2A23A}.Debug|Win32.ActiveCfg = Debug|Win32
		{22820A19-4D58-488F-AA88-7A9875D2A23A}.Debug|Win32.Build.0 = Debug|Win32
		{22820A19-4D58-488F-AA88-7A9875D2A23A}.Release|Win32.ActiveCfg = Release|Win32
		{22820A19-4D58-488F-AA88-7A9875D2A23A}.Release|Win32.Build.0 = Release|Win32
		{D18DBF1A-E4A2-4780-B17C-4AEE5CE6667F}.Debug|Win32.ActiveCfg = Debug|Win32
		{D18DBF1A-E4A2-4780-B17C-4AEE5CE6667F}.Debug|Win32.Build.0 = Debug|Win32
		{D18DBF1A-E4A2-4780-B17C-4AEE5CE6667F}.Release|Win32.ActiveCfg = Release|Win32
		{D18DBF1A-E4A2-4780-B17C-4AEE5CE6667F}.Release|Win32.Build.0 = Release|Win32
		{015D093B-DCBB-4A48-81D3-3EA6D2D8931D}.Debug|Win32.ActiveCfg = Debug|Win32
		{015D093B-DCBB-4A48-81D3-3EA6D2D8931D}.Debug|Win32.Build.0 = Debug|Win32
		{015D093B-DCBB-4A48-81D3-3EA6D2D8931D}.Release|Win32.ActiveCfg = Release|Win32
		{015D093B-DCBB-4A48-81D3-3EA6D2D8931D}.Release|Win32.Build.0 = Release|Win32
		{6EA665C3-74B5-402E-A963-42BE73F9B500}.Debug|Win32.ActiveCfg = Debug|Win32
		{6EA665C3-74B5-402E-A963-42BE73F9B500}.Debug|Win32.Build.0 = Debug|Win32
		{6EA665C3-74B5-402E-A963-42BE73F9B500}.Release|Win32.ActiveCfg = Release|Win32
		{6EA665C3-74B5-402E-A963-42BE73F9B500}.Release|Win32.Build.0 = Release|Win32
		{F8058FBB-9946-4F10-AAEB-65669F0E8B9F}.Debug|Win32.ActiveCfg = Debug|Win32
		{F8058FBB-9946-4F10-AAEB-65669F0E8B9F}.Debug|Win32.Build.0 = Debug|Win32
		{F8058FBB-9946-4F10-AAEB-65669F0E8B9F}.Release|Win32.ActiveCfg = Release|Win32
		{F8058FBB-9946-4F10-AAEB-65669F0E8B9F}.Release|Win32.Build.0 = Release|Win32
		{1075C6F0-BCF1-456A-8452-F5B30BB39CD0}.Debug|Win32.ActiveCfg = Debug|Win32
		{1075C6F0-BCF1-456A-8452-F5B30BB39CD0}.Debug|Win32.Build.0 = Debug|Win32
		{1075C6F0-BCF1-456A-8452-F5B30BB39CD0}.Release|Win32.ActiveCfg = Release|Win32
		{1075C6F0-BCF1-456A-8452-F5B30BB39CD0}.Release|Win32.Build.0 = Release|Win32
		{0E818EAE-E4D3-4080-873D-7417EC7259F4}.Debug|Win32.ActiveCfg = Debug|Win32
		{0E818EAE-E4D3-4080-873D-7417EC7259F4}.Debug|Win32.Build.0 = Debug|Win32
		{0E818EAE-E4D3-4080-873D-7417EC7259F4}.Release|Win32.ActiveCfg = Release|Win32
		{0E818EAE-E4D3-4080-873D-7417EC7259F4}.Release|Win32.Build.0 = Release|Win32
		{3DA18833-DA26-4A6C-815D-4ADF63C09659}.Debug|Win32.ActiveCfg = Debug|Win32
		{3DA18833-DA26-4A6C-815D-4ADF63C09659}.Debug|Win32.Build.0 = Debug|Win32
		{3DA18833-DA26-4A6C-815D-4ADF63C09659}.Release|Win32.ActiveCfg = Release|Win32
		{3DA18833-DA26-4A6C-815D-4ADF63C09659}.Release|Win32.Build.0 = Release|Win32
		{42D42D9D-AAC6-4BA3-8038-FDFD23AAF931}.Debug|Win32.ActiveCfg = Debug|Win32
		{42D42D9D-AAC6-4BA3-8038-FDFD23AAF931}.Debug|Win32.Build.0 = Debug|Win32
		{42D42D9D-AAC6-4BA3-8038-FDFD23AAF931}.Release|Win32.ActiveCfg = Release|Win32
		{42D42D9D-AAC6-4BA3-8038-FDFD23AAF931}.Release|Win32.Build.0 = Release|Win32
		{EFCA442C-3EB1-4B9A-B3F4-EAFED120F844}.Debug|Win32.ActiveCfg = Debug|Win32
		{EFCA442C-3EB1-4B9A-B3F4-EAFED120F844}.Debug|Win32.Build.0 = Debug|Win32
		{EFCA442C-3EB1-4B9A-B3F4-EAFED120F844}.Release|Win32.ActiveCfg = Release|Win32
		{EFCA442C-3EB1-4B9A-B3F4-EAFED120F844}.Release|Win32.Build.0 = Release|Win32
		{2EC58D92-D4DA-4DC1-B58F-40D642D6A1F1}.Debug|Win32.ActiveCfg = Debug|Win32
		{2EC58D92-D4DA-4DC1-B58F-40D642D6A1F1}.Debug|Win32.Build.0 = Debug|Win32
		{2EC58D92-D4DA-4DC1-B58F-40D642D6A1F1}.Release|Win32.ActiveCfg = Release|Win32
		{2EC58D92-D4DA-4DC1-B58F-40D642D6A1F1}.Release|Win32.Build.0 = Release|Win32
		{3370D1F7-C070-4EF3-988D-DCC31B5434F2}.Debug|Win32.ActiveCfg = Debug|Win32
		{3370D1F7-C070-4EF3-988D-DCC31B5434F2}.Debug|Win32.Build.0 = Debug|Win32
		{3370D1F7-C070-4EF3-988D-DCC31B5434F2}.Release|Win32.ActiveCfg = Release|Win32
		{3370D1F7-C070-4EF3-988D-DCC31B5434F2}.Release|Win32.Build.0 = Release|Win32
		{A6C1A6CA-4523-4408-9303-762491178E3E}.Debug|Win32.ActiveCfg = Debug|Win32
		{A6C1A6CA-4523-4408-9303-762491178E3E}.Debug|Win32.Build.0 = Debug|Win32
		{A6C1A6CA-4523-4408-9303-762491178E3E}.Release|Win32.ActiveCfg = Release|Win32
		{A6C1A6CA-4523-4408-9303-762491178E3E}.Release|Win32.Build.0 = Release|Win32
		{51E1A8ED-1AC3-4C05-A1A8-6DCB19FB129C}.Debug|Win32.ActiveCfg = Debug|Win32
		{51E1A8ED-1AC3-4C05-A1A8-6DCB19FB129C}.Debug|Win32.Build.0 = Debug|Win32
		{51E1A8ED-1AC3-4C05-A1A8-6DCB19FB129C}.Release|Win32.ActiveCfg = Release|Win32
		{51E1A8ED-1AC3-4C05-A1A8-6DCB19FB129C}.Release|Win32.Build.0 = Release|Win32
		{858A6F52-024A-4835-82D2-260514B5A39C}.Debug|Win32.ActiveCfg = Debug|Win32
		{858A6F52-024A-4835-82D2-260514B5A39C}.Debug|Win32.Build.0 = Debug|Win32
		{858A6F52-024A-4835-82D2-260514B5A39C}.Release|Win32.ActiveCfg = Release|Win32
		{858A6F52-024A-4835-82D2-260514B5A39C}.Release|Win32.Build.0 = Release|Win32
		{CD895985-7C85-48A9-9B8C-411136F9A0D3}.Debug|Win32.ActiveCfg = Debug|Win32
		{CD895985-7C85-48A9-9B8C-411136F9A0D3}.Debug|Win32.Build.0 = Debug|Win32
		{CD895985-7C85-48A9-9B8C-411136F9A0D3}.Release|Win32.ActiveCfg = Release|Win32
		{CD895985-7C85-48A9-9B8C-411136F9A0D3}.Release|Win32.Build.0 = Release|Win32
		{569B8F3C-28D3-4509-B51D-A51462E5A1DB}.Debug|Win32.ActiveCfg = Debug|Win32
		{569B8F3C-28D3-4509-B51D-A51462E5A1DB}.Debug|Win32.Build.0 = Debug|Win32
		{569B8F3C-28D3-4509-B51D-A51462E5A1DB}.Release|Win32.ActiveCfg = Release|Win32
		{569B8F3C-28D3-4509-B51D-A51462E5A1DB}.Release|Win32.Build.0 = Release|Win32
		{74EBDB32-2D6B-418B-B816-324568C4EAE6}.Debug|Win32.ActiveCfg = Debug|Win32
		{74EBDB32-2D6B-418B-B816-324568C4EAE6}.Debug|Win32.Build.0 = Debug|Win32
		{74EBDB32-2D6B-418B-B816-324568C4EAE6}.Release|Win32.ActiveCfg = Release|Win32
		{74EBDB32-2D6B-418B-B816-324568C4EAE6}.Release|Win32.Build.0 = Release|Win32
		{E3AC4123-7439-45AB-82EE-1A4B41D3F698}.Debug|Win32.ActiveCfg = Debug|Win32
		{E3AC4123-7439-45AB-82EE-1A4B41D3F698}.Debug|Win32.Build.0 = Debug|Win32
		{E3AC4123-7439-45AB-82EE-1A4B41D3F698}.Release|Win32.ActiveCfg = Release|Win32
		{E3AC4123-7439-45AB-82EE-1A4B41D3F698}.Release|Win32.Build.0 = Release|Win32
		{05A61146-1054-411A-939D-74651E547766}.Debug|Win32.ActiveCfg = Debug|Win32
		{05A61146-1054-411A-939D-74651E547766}.Debug|Win32.Build.0 = Debug|Win32
		{05A61146-1054-411A-939D-74651E547766}.Release|Win32.ActiveCfg = Release|Win32
		{05A61146-1054-411A-939D-74651E547766}.Release|Win32.Build.0 = Release|Win32
		{E3CC33C0-605B-4C3B-AF06-862EE2B248C7}.Debug|Win32.ActiveCfg = Debug|Win32
		{E3CC33C0-605B-4C3B-AF06-862EE2B248C7}.Debug|Win32.Build.0 = Debug|Win32
		{E3CC33C0-605B-4C3B-AF06-862EE2B248C7}.Release|Win32.ActiveCfg = Release|Win32
		{E3CC33C0-605B-4C3B-AF06-862EE2B248C7}.Release|Win32.Build.0 = Release|Win32
		{F94B2AA9-7D80-44FE-97A0-8545C507B809}.Debug|Win32.ActiveCfg = Debug|Win32
		{F94B2AA9-7D80-44FE-97A0-8545C507B809}.Debug|Win32.Build.0 = Debug|Win32
		{F94B2AA9-7D80-44FE-97A0-8545C507B809}.Release|Win32.ActiveCfg = Release|Win32
		{F94B2AA9-7D80-44FE-97A0-8545C507B809}.Release|Win32.Build.0 = Release|Win32
		{A77DB4B4-6D94-47E4-93D4-3237E5C7152A}.Debug|Win32.ActiveCfg = Debug|Win32
		{A77DB4B4-6D94-47E4-93D4-3237E5C7152A}.Debug|Win32.Build.0 = Debug|Win32
		{A77DB4B4-6D94-47E4-93D4-3237E5C7152A}.Release|Win32.ActiveCfg = Release|Win32
		{A77DB4B4-6D94-47E4-93D4-3237E5C7152A}.Release|Win32.Build.0 = Release|Win32
		{61DBB8A0-C047-4F65-B29A-CA7F566CCC31}.Debug|Win32.ActiveCfg = Debug|Win32
		{61DBB8A0-C047-4F65-B29A-CA7F566CCC31}.Debug|Win32.Build.0 = Debug|Win32
		{61DBB8A0-C047-4F65-B29A-CA7F566CCC31}.Release|Win32.ActiveCfg = Release|Win32
		{61DBB8A0-C047-4F65-B29A-CA7F566CCC31}.Release|Win32.Build.0 = Release|Win32
		{C51FC035-739A-47E2-B53D-36A59B6E3695}.Debug|Win32.ActiveCfg = Debug|Win32
		{C51FC035-739A-47E2-B53D-36A59B6E3695}.Debug|Win32.Build.0 = Debug|Win32
		{C51FC035-739A-47E2-B53D-36A59B6E3695}.Release|Win32.ActiveCfg = Release|Win32
		{C51FC035-739A-47E2-B53D-36A59B6E3695}.Release|Win32.Build.0 = Release|Win32
		{79EFBDA4-8C30-4A6F-B7B3-067BD253E10F}.Debug|Win32.ActiveCfg = Debug|Win32
		{79EFBDA4-8C30-4A6F-B7B3-067BD253E10F}.Debug|Win32.Build.0 = Debug|Win32
		{79EFBDA4-8C30-4A6F-B7B3-067BD253E10F}.Release|Win32.ActiveCfg = Release|Win32
		{79EFBDA4-8C30-4A6F-B7B3-067BD253E10F}.Release|Win32.Build.0 = Release|Win32
		{B844A3B2-59DF-4D1E-89AB-598D399B6EE3}.Debug|Win32.ActiveCfg = Debug|Win32
		{B844A3B2-59DF-4D1E-89AB-598D399B6EE3}.Debug|Win32.Build.0 = Debug|Win32
		{B844A3B2-59DF-4D1E-89AB-598D399B6EE3}.Release|Win32.ActiveCfg = Release|Win32
		{B844A3B2-59DF-4D1E-89AB-598D399B6EE3}.Release|Win32.Build.0 = Release|Win32
		{6E38AC88-7722-4FF7-88D0-A6525EF74616}.Debug|Win32.ActiveCfg = Debug|Win32
		{6E38AC88-7722-4FF7-88D0-A6525EF74616}.Debug|Win32.Build.0 = Debug|Win32
		{6E38AC88-7722-4FF7-88D0-A6525EF74616}.Release|Win32.ActiveCfg = Release|Win32
		{6E38AC88-7722-4FF7-88D0-A6525EF74616}.Release|Win32.Build.0 = Release|Win32
		{BBB022E9-DAA7-496C-A5F8-6E1A2DE333B8}.Debug|Win32.ActiveCfg = Debug|Win32
		{BBB022E9-DAA7-496C-A5F8-6E1A2DE333B8}.Debug|Win32.Build.0 = Debug|Win32
		{BBB022E9-DAA7-496C-A5F8-6E1A2DE333B8}.Release|Win32.ActiveCfg = Release|Win32
		{BBB022E9-DAA7-496C-A5F8-6E1A2DE333B8}.Release|Win32.Build.0 = Release|Win32
		{E96DF513-A025-407B-87A3-6FD2BD5601E4}.Debug|Win32.ActiveCfg = Debug|Win32
		{E96DF513-A025-407B-87A3-6FD2BD5601E4}.Debug|Win32.Build.0 = Debug|Win32
		{E96DF513-A025-407B-87A3-6FD2BD5601E4}.Release|Win32.ActiveCfg = Release|Win32
		{E96DF513-A025-407B-87A3-6FD2BD5601E4}.Release|Win32.Build.0 = Release|Win32
		{5C9930C7-2343-4C8E-A74B-77A227C7DA8C}.Debug|Win32.ActiveCfg = Debug|Win32
		{5C9930C7-2343-4C8E-A74B-77A227C7DA8C}.Debug|Win32.Build.0 = Debug|Win32
		{5C9930C7-2343-4C8E-A74B-77A227C7DA8C}.Release|Win32.ActiveCfg = Release|Win32
		{5C9930C7-2343-4C8E-A74B-77A227C7DA8C}.Release|Win32.Build.0 = Release|Win32
		{67485F21-D1FD-427B-9D3F-9FC394D67FF7}.Debug|Win32.ActiveCfg = Debug|Win32
		{67485F21-D1FD-427B-9D3F-9FC394D67FF7}.Debug|Win32.Build.0 = Debug|Win32
		{67485F21-D1FD-427B-9D3F-9FC394D67FF7}.Release|Win32.ActiveCfg = Release|Win32
		{67485F21-D1FD-427B-9D3F-9FC394D67FF7}.Release|Win32.Build.0 = Release|Win32
		{5EE19189-24EC-4753-8A9F-6D132E6DE411}.Debug|Win32.ActiveCfg = Debug|Win32
		{5EE19189-24EC-4753-8A9F-6D132E6DE411}.Debug|Win32.Build.0 = Debug|Win32
		{5EE19189-24EC-4753-8A9F-6D132E6DE411}.Release|Win32.ActiveCfg = Release|Win32
		{5EE19189-24EC-4753-8A9F-6D132E6DE411}.Release|Win32.Build.0 = Release|Win32
		{5379D05F-5D77-4D4F-8EA1-FAD68D76028A}.Debug|Win32.ActiveCfg = Debug|Win32
		{5379D05F-5D77-4D4F-8EA1-FAD68D76028A}.Debug|Win32.Build.0 = Debug|Win32
		{5379D05F-5D77-4D4F-8EA1-FAD68D76028A}.Release|Win32.ActiveCfg = Release|Win32
		{5379D05F-5D77-4D4F-8EA1-FAD68D76028A}.Release|Win32.Build.0 = Release|Win32
	EndGlobalSection
	GlobalSection(SolutionProperties) = preSolution
		HideSolutionNode = FALSE
	EndGlobalSection
	GlobalSection(NestedProjects) = preSolution
		{FB8312ED-B4EE-47E7-8C3A-8DCC979D7A6D} = {C65F75AD-D16B-49E0-B886-1BF40115F21B}
		{5C9930C7-2343-4C8E-A74B-77A227C7DA8C} = {7297C601-9C46-4776-A2BC-37C14859A1DF}
		{67485F21-D1FD-427B-9D3F-9FC394D67FF7} = {7297C601-9C46-4776-A2BC-37C14859A1DF}
		{5EE19189-24EC-4753-8A9F-6D132E6DE411} = {7297C601-9C46-4776-A2BC-37C14859A1DF}
		{5379D05F-5D77-4D4F-8EA1-FAD68D76028A} = {7297C601-9C46-4776-A2BC-37C14859A1DF}
		{79EFBDA4-8C30-4A6F-B7B3-067BD253E10F} = {76982ECD-B5AD-407E-852C-9EE7B71E00C3}
		{B844A3B2-59DF-4D1E-89AB-598D399B6EE3} = {76982ECD-B5AD-407E-852C-9EE7B71E00C3}
		{6E38AC88-7722-4FF7-88D0-A6525EF74616} = {76982ECD-B5AD-407E-852C-9EE7B71E00C3}
		{BBB022E9-DAA7-496C-A5F8-6E1A2DE333B8} = {76982ECD-B5AD-407E-852C-9EE7B71E00C3}
		{A77DB4B4-6D94-47E4-93D4-3237E5C7152A} = {5882A317-E277-4C87-A203-73D8E9040B93}
		{61DBB8A0-C047-4F65-B29A-CA7F566CCC31} = {5882A317-E277-4C87-A203-73D8E9040B93}
		{C51FC035-739A-47E2-B53D-36A59B6E3695} = {5882A317-E277-4C87-A203-73D8E9040B93}
		{E96DF513-A025-407B-87A3-6FD2BD5601E4} = {7D3FF757-71DE-4BE8-99B9-A44915657AAE}
		{E3CC33C0-605B-4C3B-AF06-862EE2B248C7} = {ADBE2AD3-8913-41EE-8322-B1FB8A1A6948}
		{F94B2AA9-7D80-44FE-97A0-8545C507B809} = {ADBE2AD3-8913-41EE-8322-B1FB8A1A6948}
		{74EBDB32-2D6B-418B-B816-324568C4EAE6} = {2A17532B-9D6A-44BC-AC5E-EF9975D2801B}
		{E3AC4123-7439-45AB-82EE-1A4B41D3F698} = {2A17532B-9D6A-44BC-AC5E-EF9975D2801B}
		{05A61146-1054-411A-939D-74651E547766} = {2A17532B-9D6A-44BC-AC5E-EF9975D2801B}
		{858A6F52-024A-4835-82D2-260514B5A39C} = {C70ED28F-578C-4763-865F-5C1F5FA0CD22}
		{CD895985-7C85-48A9-9B8C-411136F9A0D3} = {C70ED28F-578C-4763-865F-5C1F5FA0CD22}
		{569B8F3C-28D3-4509-B51D-A51462E5A1DB} = {C70ED28F-578C-4763-865F-5C1F5FA0CD22}
		{51E1A8ED-1AC3-4C05-A1A8-6DCB19FB129C} = {3BE63F8B-1929-4B6D-B13B-30A253E962D4}
		{2EC58D92-D4DA-4DC1-B58F-40D642D6A1F1} = {7B94BD23-B71B-4ABB-B1B9-FDBDA3AB4BDF}
		{3370D1F7-C070-4EF3-988D-DCC31B5434F2} = {7B94BD23-B71B-4ABB-B1B9-FDBDA3AB4BDF}
		{A6C1A6CA-4523-4408-9303-762491178E3E} = {7B94BD23-B71B-4ABB-B1B9-FDBDA3AB4BDF}
		{42D42D9D-AAC6-4BA3-8038-FDFD23AAF931} = {7A9F97B7-2741-4DFB-AEEF-A81CD85F707A}
		{EFCA442C-3EB1-4B9A-B3F4-EAFED120F844} = {7A9F97B7-2741-4DFB-AEEF-A81CD85F707A}
		{3DA18833-DA26-4A6C-815D-4ADF63C09659} = {2E24DA1C-8CD1-4655-89DE-000B5AEB0FE7}
		{F8058FBB-9946-4F10-AAEB-65669F0E8B9F} = {9F2C669A-925A-45FA-9240-072F81C34A41}
		{1075C6F0-BCF1-456A-8452-F5B30BB39CD0} = {9F2C669A-925A-45FA-9240-072F81C34A41}
		{0E818EAE-E4D3-4080-873D-7417EC7259F4} = {9F2C669A-925A-45FA-9240-072F81C34A41}
		{6EA665C3-74B5-402E-A963-42BE73F9B500} = {ED2EF21C-1D76-427C-916B-ADA1D69660FA}
		{015D093B-DCBB-4A48-81D3-3EA6D2D8931D} = {04728409-1512-44C3-AB84-3D5F294A43EB}
		{A4B1DE8C-E3E8-4AF8-8431-3D55DDC8FD2F} = {4D1E55E9-DA17-4707-A7E2-AA7FE8B5C4D5}
		{22820A19-4D58-488F-AA88-7A9875D2A23A} = {4D1E55E9-DA17-4707-A7E2-AA7FE8B5C4D5}
		{D18DBF1A-E4A2-4780-B17C-4AEE5CE6667F} = {4D1E55E9-DA17-4707-A7E2-AA7FE8B5C4D5}
		{B12A8742-623F-4398-9102-72C9471976BB} = {DD59D899-2728-46EF-B71B-9CAFAB6CAE8A}
		{85283183-611B-446D-BED7-49C3E2DA9586} = {99F62ADB-D526-45CB-A13A-B5D7B8099E5C}
		{D9837981-F445-449B-8CE0-2A23E30DD265} = {99F62ADB-D526-45CB-A13A-B5D7B8099E5C}
		{DE08286D-0AA3-406F-878C-4939DC813131} = {99F62ADB-D526-45CB-A13A-B5D7B8099E5C}
	EndGlobalSection
EndGlobal
